
Microsoft Visual Studio Solution File, Format Version 12.00
# Visual Studio Version 16
VisualStudioVersion = 16.0.32002.261
MinimumVisualStudioVersion = 10.0.40219.1
Project("{8BC9CEB8-8B4A-11D0-8D11-00A0C91BC942}") = "HighLevel_Func3", "HighLevel_Func3\HighLevel_Func3.vcxproj", "{8D9098FD-22A7-4F5B-BC1B-8AF6F3FD1D01}"
EndProject
Global
	GlobalSection(SolutionConfigurationPlatforms) = preSolution
		Debug|x64 = Debug|x64
		Debug|x86 = Debug|x86
		Release|x64 = Release|x64
		Release|x86 = Release|x86
	EndGlobalSection
	GlobalSection(ProjectConfigurationPlatforms) = postSolution
		{8D9098FD-22A7-4F5B-BC1B-8AF6F3FD1D01}.Debug|x64.ActiveCfg = Debug|x64
		{8D9098FD-22A7-4F5B-BC1B-8AF6F3FD1D01}.Debug|x64.Build.0 = Debug|x64
		{8D9098FD-22A7-4F5B-BC1B-8AF6F3FD1D01}.Debug|x86.ActiveCfg = Debug|Win32
		{8D9098FD-22A7-4F5B-BC1B-8AF6F3FD1D01}.Debug|x86.Build.0 = Debug|Win32
		{8D9098FD-22A7-4F5B-BC1B-8AF6F3FD1D01}.Release|x64.ActiveCfg = Release|x64
		{8D9098FD-22A7-4F5B-BC1B-8AF6F3FD1D01}.Release|x64.Build.0 = Release|x64
		{8D9098FD-22A7-4F5B-BC1B-8AF6F3FD1D01}.Release|x86.ActiveCfg = Release|Win32
		{8D9098FD-22A7-4F5B-BC1B-8AF6F3FD1D01}.Release|x86.Build.0 = Release|Win32
	EndGlobalSection
	GlobalSection(SolutionProperties) = preSolution
		HideSolutionNode = FALSE
	EndGlobalSection
	GlobalSection(ExtensibilityGlobals) = postSolution
		SolutionGuid = {62DEB998-34B5-40A5-8F00-21D9254DED2D}
	EndGlobalSection
EndGlobal
